// !$*UTF8*$!
{
	archiveVersion = 1;
	classes = {
	};
	objectVersion = 48;
	objects = {

/* Begin PBXBuildFile section */
		1616E0532EFB0EBB3E0AD022 /* libPods-ZTExtension.a in Frameworks */ = {isa = PBXBuildFile; fileRef = 7FE5C9A6FEBA09A3DD010B7B /* libPods-ZTExtension.a */; };
		700A59DD1FBEBE9800C6AA31 /* NSDate+ZTCategory.m in Sources */ = {isa = PBXBuildFile; fileRef = 700A59DC1FBEBE9800C6AA31 /* NSDate+ZTCategory.m */; };
		700A59E01FBEBEDB00C6AA31 /* NSDateFormatter+ZTCategory.m in Sources */ = {isa = PBXBuildFile; fileRef = 700A59DF1FBEBEDB00C6AA31 /* NSDateFormatter+ZTCategory.m */; };
		701F1AEC1FF1D98900F707D4 /* WRCustomNavigationBar.m in Sources */ = {isa = PBXBuildFile; fileRef = 701F1AE91FF1D98800F707D4 /* WRCustomNavigationBar.m */; };
		701F1AED1FF1D98900F707D4 /* WRNavigationBar.m in Sources */ = {isa = PBXBuildFile; fileRef = 701F1AEA1FF1D98900F707D4 /* WRNavigationBar.m */; };
		702644B020C0EC2E008F4CA6 /* ZTImgScannerManager.m in Sources */ = {isa = PBXBuildFile; fileRef = 702644AF20C0EC2E008F4CA6 /* ZTImgScannerManager.m */; };
		702644B520C0ECB5008F4CA6 /* ZTImageItem.m in Sources */ = {isa = PBXBuildFile; fileRef = 702644B420C0ECB5008F4CA6 /* ZTImageItem.m */; };
		702644B820C0EEFD008F4CA6 /* ZTScannerItem.m in Sources */ = {isa = PBXBuildFile; fileRef = 702644B720C0EEFD008F4CA6 /* ZTScannerItem.m */; };
		702644C020C0F5B5008F4CA6 /* ZTCircleView.m in Sources */ = {isa = PBXBuildFile; fileRef = 702644BF20C0F5B5008F4CA6 /* ZTCircleView.m */; };
		702644C320C110E9008F4CA6 /* ZTImageScannerView.m in Sources */ = {isa = PBXBuildFile; fileRef = 702644C220C110E9008F4CA6 /* ZTImageScannerView.m */; };
		7031CB9820B6A99D00C59561 /* ZTToast.m in Sources */ = {isa = PBXBuildFile; fileRef = 7031CB9720B6A99D00C59561 /* ZTToast.m */; };
		7031CB9B20B6ABA200C59561 /* ZTToastView.m in Sources */ = {isa = PBXBuildFile; fileRef = 7031CB9A20B6ABA200C59561 /* ZTToastView.m */; };
		7031CBA020B705C200C59561 /* ZTToastManager.m in Sources */ = {isa = PBXBuildFile; fileRef = 7031CB9F20B705C200C59561 /* ZTToastManager.m */; };
		703AC0811FA2BCDB00C9AD42 /* AppDelegate.m in Sources */ = {isa = PBXBuildFile; fileRef = 703AC0801FA2BCDB00C9AD42 /* AppDelegate.m */; };
		703AC0841FA2BCDB00C9AD42 /* ViewController.m in Sources */ = {isa = PBXBuildFile; fileRef = 703AC0831FA2BCDB00C9AD42 /* ViewController.m */; };
		703AC0871FA2BCDB00C9AD42 /* Main.storyboard in Resources */ = {isa = PBXBuildFile; fileRef = 703AC0851FA2BCDB00C9AD42 /* Main.storyboard */; };
		703AC0891FA2BCDB00C9AD42 /* Assets.xcassets in Resources */ = {isa = PBXBuildFile; fileRef = 703AC0881FA2BCDB00C9AD42 /* Assets.xcassets */; };
		703AC08C1FA2BCDB00C9AD42 /* LaunchScreen.storyboard in Resources */ = {isa = PBXBuildFile; fileRef = 703AC08A1FA2BCDB00C9AD42 /* LaunchScreen.storyboard */; };
		703AC08F1FA2BCDB00C9AD42 /* main.m in Sources */ = {isa = PBXBuildFile; fileRef = 703AC08E1FA2BCDB00C9AD42 /* main.m */; };
		703AC0A31FA2BCE700C9AD42 /* NSArray+Extension.m in Sources */ = {isa = PBXBuildFile; fileRef = 703AC0981FA2BCE700C9AD42 /* NSArray+Extension.m */; };
		703AC0A41FA2BCE700C9AD42 /* NSDictionary+Extension.m in Sources */ = {isa = PBXBuildFile; fileRef = 703AC09A1FA2BCE700C9AD42 /* NSDictionary+Extension.m */; };
		703AC0A51FA2BCE700C9AD42 /* UIBarButtonItem+Extension.m in Sources */ = {isa = PBXBuildFile; fileRef = 703AC09C1FA2BCE700C9AD42 /* UIBarButtonItem+Extension.m */; };
		703AC0A61FA2BCE700C9AD42 /* UIControl+Extension.m in Sources */ = {isa = PBXBuildFile; fileRef = 703AC09E1FA2BCE700C9AD42 /* UIControl+Extension.m */; };
		703AC0A71FA2BCE700C9AD42 /* UIView+ZTExtension.m in Sources */ = {isa = PBXBuildFile; fileRef = 703AC0A01FA2BCE700C9AD42 /* UIView+ZTExtension.m */; };
		703AC0A81FA2BCE700C9AD42 /* UIViewController+Extension.m in Sources */ = {isa = PBXBuildFile; fileRef = 703AC0A21FA2BCE700C9AD42 /* UIViewController+Extension.m */; };
		703AC0AC1FA2C6C500C9AD42 /* ZTAnimationUtil.m in Sources */ = {isa = PBXBuildFile; fileRef = 703AC0AB1FA2C6C500C9AD42 /* ZTAnimationUtil.m */; };
		703AC0AF1FA2C6E400C9AD42 /* ZTAnimation.m in Sources */ = {isa = PBXBuildFile; fileRef = 703AC0AE1FA2C6E400C9AD42 /* ZTAnimation.m */; };
		706984CD1FA8203000193388 /* NSObject+ZTSwzzling.m in Sources */ = {isa = PBXBuildFile; fileRef = 706984CC1FA8203000193388 /* NSObject+ZTSwzzling.m */; };
		706984D01FA8228D00193388 /* UIViewController+ZTHook.m in Sources */ = {isa = PBXBuildFile; fileRef = 706984CF1FA8228D00193388 /* UIViewController+ZTHook.m */; };
		706984D31FA82AE300193388 /* ZTViewController.m in Sources */ = {isa = PBXBuildFile; fileRef = 706984D21FA82AE300193388 /* ZTViewController.m */; };
		70725A921FD4ED0200CF7117 /* ZTHUD.m in Sources */ = {isa = PBXBuildFile; fileRef = 70725A911FD4ED0200CF7117 /* ZTHUD.m */; };
		70725A951FD4F14400CF7117 /* ZTHUDContentView.m in Sources */ = {isa = PBXBuildFile; fileRef = 70725A941FD4F14400CF7117 /* ZTHUDContentView.m */; };
		70725A9B1FD50BC300CF7117 /* timg.gif in Resources */ = {isa = PBXBuildFile; fileRef = 70725A9A1FD50BC300CF7117 /* timg.gif */; };
		707CFA401FE128CC0086E60B /* ZTExtension.bundle in Resources */ = {isa = PBXBuildFile; fileRef = 707CFA3F1FE128CC0086E60B /* ZTExtension.bundle */; };
		70B06FFD1FDAE5560083B87B /* NSString+Category.m in Sources */ = {isa = PBXBuildFile; fileRef = 70B06FFC1FDAE5560083B87B /* NSString+Category.m */; };
		70B070001FDAE8220083B87B /* UIView+Radius.m in Sources */ = {isa = PBXBuildFile; fileRef = 70B06FFF1FDAE8220083B87B /* UIView+Radius.m */; };
		70B070031FDAEAAB0083B87B /* ZTUtil.m in Sources */ = {isa = PBXBuildFile; fileRef = 70B070021FDAEAAB0083B87B /* ZTUtil.m */; };
		70E04CAC1FBE93AB00EEB106 /* UIColor+ZTHex.m in Sources */ = {isa = PBXBuildFile; fileRef = 70E04CAB1FBE93AB00EEB106 /* UIColor+ZTHex.m */; };
		70E04CB01FBEB68A00EEB106 /* NSString+ZTRegex.m in Sources */ = {isa = PBXBuildFile; fileRef = 70E04CAF1FBEB68A00EEB106 /* NSString+ZTRegex.m */; };
		70E04CB31FBEB6F800EEB106 /* NSString+ZTConvert.m in Sources */ = {isa = PBXBuildFile; fileRef = 70E04CB21FBEB6F800EEB106 /* NSString+ZTConvert.m */; };
		70E04CB61FBEB7B000EEB106 /* UIResponder+ZTRouter.m in Sources */ = {isa = PBXBuildFile; fileRef = 70E04CB51FBEB7B000EEB106 /* UIResponder+ZTRouter.m */; };
		70E04CB91FBEB80800EEB106 /* UITableView+ZTCategory.m in Sources */ = {isa = PBXBuildFile; fileRef = 70E04CB81FBEB80800EEB106 /* UITableView+ZTCategory.m */; };
/* End PBXBuildFile section */

/* Begin PBXFileReference section */
		700A59DB1FBEBE9800C6AA31 /* NSDate+ZTCategory.h */ = {isa = PBXFileReference; lastKnownFileType = sourcecode.c.h; path = "NSDate+ZTCategory.h"; sourceTree = "<group>"; };
		700A59DC1FBEBE9800C6AA31 /* NSDate+ZTCategory.m */ = {isa = PBXFileReference; lastKnownFileType = sourcecode.c.objc; path = "NSDate+ZTCategory.m"; sourceTree = "<group>"; };
		700A59DE1FBEBEDB00C6AA31 /* NSDateFormatter+ZTCategory.h */ = {isa = PBXFileReference; lastKnownFileType = sourcecode.c.h; path = "NSDateFormatter+ZTCategory.h"; sourceTree = "<group>"; };
		700A59DF1FBEBEDB00C6AA31 /* NSDateFormatter+ZTCategory.m */ = {isa = PBXFileReference; lastKnownFileType = sourcecode.c.objc; path = "NSDateFormatter+ZTCategory.m"; sourceTree = "<group>"; };
		701F1AE81FF1D98800F707D4 /* WRNavigationBar.h */ = {isa = PBXFileReference; fileEncoding = 4; lastKnownFileType = sourcecode.c.h; path = WRNavigationBar.h; sourceTree = "<group>"; };
		701F1AE91FF1D98800F707D4 /* WRCustomNavigationBar.m */ = {isa = PBXFileReference; fileEncoding = 4; lastKnownFileType = sourcecode.c.objc; path = WRCustomNavigationBar.m; sourceTree = "<group>"; };
		701F1AEA1FF1D98900F707D4 /* WRNavigationBar.m */ = {isa = PBXFileReference; fileEncoding = 4; lastKnownFileType = sourcecode.c.objc; path = WRNavigationBar.m; sourceTree = "<group>"; };
		701F1AEB1FF1D98900F707D4 /* WRCustomNavigationBar.h */ = {isa = PBXFileReference; fileEncoding = 4; lastKnownFileType = sourcecode.c.h; path = WRCustomNavigationBar.h; sourceTree = "<group>"; };
		702644AE20C0EC2E008F4CA6 /* ZTImgScannerManager.h */ = {isa = PBXFileReference; lastKnownFileType = sourcecode.c.h; path = ZTImgScannerManager.h; sourceTree = "<group>"; };
		702644AF20C0EC2E008F4CA6 /* ZTImgScannerManager.m */ = {isa = PBXFileReference; lastKnownFileType = sourcecode.c.objc; path = ZTImgScannerManager.m; sourceTree = "<group>"; };
		702644B220C0EC91008F4CA6 /* ImageHeader.h */ = {isa = PBXFileReference; lastKnownFileType = sourcecode.c.h; path = ImageHeader.h; sourceTree = "<group>"; };
		702644B320C0ECB5008F4CA6 /* ZTImageItem.h */ = {isa = PBXFileReference; lastKnownFileType = sourcecode.c.h; path = ZTImageItem.h; sourceTree = "<group>"; };
		702644B420C0ECB5008F4CA6 /* ZTImageItem.m */ = {isa = PBXFileReference; lastKnownFileType = sourcecode.c.objc; path = ZTImageItem.m; sourceTree = "<group>"; };
		702644B620C0EEFD008F4CA6 /* ZTScannerItem.h */ = {isa = PBXFileReference; lastKnownFileType = sourcecode.c.h; path = ZTScannerItem.h; sourceTree = "<group>"; };
		702644B720C0EEFD008F4CA6 /* ZTScannerItem.m */ = {isa = PBXFileReference; lastKnownFileType = sourcecode.c.objc; path = ZTScannerItem.m; sourceTree = "<group>"; };
		702644BE20C0F5B5008F4CA6 /* ZTCircleView.h */ = {isa = PBXFileReference; lastKnownFileType = sourcecode.c.h; path = ZTCircleView.h; sourceTree = "<group>"; };
		702644BF20C0F5B5008F4CA6 /* ZTCircleView.m */ = {isa = PBXFileReference; lastKnownFileType = sourcecode.c.objc; path = ZTCircleView.m; sourceTree = "<group>"; };
		702644C120C110E9008F4CA6 /* ZTImageScannerView.h */ = {isa = PBXFileReference; lastKnownFileType = sourcecode.c.h; path = ZTImageScannerView.h; sourceTree = "<group>"; };
		702644C220C110E9008F4CA6 /* ZTImageScannerView.m */ = {isa = PBXFileReference; lastKnownFileType = sourcecode.c.objc; path = ZTImageScannerView.m; sourceTree = "<group>"; };
		7031CB9720B6A99D00C59561 /* ZTToast.m */ = {isa = PBXFileReference; lastKnownFileType = sourcecode.c.objc; path = ZTToast.m; sourceTree = "<group>"; };
		7031CB9920B6ABA200C59561 /* ZTToastView.h */ = {isa = PBXFileReference; lastKnownFileType = sourcecode.c.h; path = ZTToastView.h; sourceTree = "<group>"; };
		7031CB9A20B6ABA200C59561 /* ZTToastView.m */ = {isa = PBXFileReference; lastKnownFileType = sourcecode.c.objc; path = ZTToastView.m; sourceTree = "<group>"; };
		7031CB9C20B6FBFA00C59561 /* ZTToastHeader.h */ = {isa = PBXFileReference; lastKnownFileType = sourcecode.c.h; path = ZTToastHeader.h; sourceTree = "<group>"; };
		7031CB9D20B7059F00C59561 /* ZTToast.h */ = {isa = PBXFileReference; lastKnownFileType = sourcecode.c.h; path = ZTToast.h; sourceTree = "<group>"; };
		7031CB9E20B705C200C59561 /* ZTToastManager.h */ = {isa = PBXFileReference; lastKnownFileType = sourcecode.c.h; path = ZTToastManager.h; sourceTree = "<group>"; };
		7031CB9F20B705C200C59561 /* ZTToastManager.m */ = {isa = PBXFileReference; lastKnownFileType = sourcecode.c.objc; path = ZTToastManager.m; sourceTree = "<group>"; };
		703AC07C1FA2BCDB00C9AD42 /* ZTExtension.app */ = {isa = PBXFileReference; explicitFileType = wrapper.application; includeInIndex = 0; path = ZTExtension.app; sourceTree = BUILT_PRODUCTS_DIR; };
		703AC07F1FA2BCDB00C9AD42 /* AppDelegate.h */ = {isa = PBXFileReference; lastKnownFileType = sourcecode.c.h; path = AppDelegate.h; sourceTree = "<group>"; };
		703AC0801FA2BCDB00C9AD42 /* AppDelegate.m */ = {isa = PBXFileReference; lastKnownFileType = sourcecode.c.objc; path = AppDelegate.m; sourceTree = "<group>"; };
		703AC0821FA2BCDB00C9AD42 /* ViewController.h */ = {isa = PBXFileReference; lastKnownFileType = sourcecode.c.h; path = ViewController.h; sourceTree = "<group>"; };
		703AC0831FA2BCDB00C9AD42 /* ViewController.m */ = {isa = PBXFileReference; lastKnownFileType = sourcecode.c.objc; path = ViewController.m; sourceTree = "<group>"; };
		703AC0861FA2BCDB00C9AD42 /* Base */ = {isa = PBXFileReference; lastKnownFileType = file.storyboard; name = Base; path = Base.lproj/Main.storyboard; sourceTree = "<group>"; };
		703AC0881FA2BCDB00C9AD42 /* Assets.xcassets */ = {isa = PBXFileReference; lastKnownFileType = folder.assetcatalog; path = Assets.xcassets; sourceTree = "<group>"; };
		703AC08B1FA2BCDB00C9AD42 /* Base */ = {isa = PBXFileReference; lastKnownFileType = file.storyboard; name = Base; path = Base.lproj/LaunchScreen.storyboard; sourceTree = "<group>"; };
		703AC08D1FA2BCDB00C9AD42 /* Info.plist */ = {isa = PBXFileReference; lastKnownFileType = text.plist.xml; path = Info.plist; sourceTree = "<group>"; };
		703AC08E1FA2BCDB00C9AD42 /* main.m */ = {isa = PBXFileReference; lastKnownFileType = sourcecode.c.objc; path = main.m; sourceTree = "<group>"; };
		703AC0961FA2BCE700C9AD42 /* HZExtensionHeader.h */ = {isa = PBXFileReference; fileEncoding = 4; lastKnownFileType = sourcecode.c.h; path = HZExtensionHeader.h; sourceTree = "<group>"; };
		703AC0971FA2BCE700C9AD42 /* NSArray+Extension.h */ = {isa = PBXFileReference; fileEncoding = 4; lastKnownFileType = sourcecode.c.h; path = "NSArray+Extension.h"; sourceTree = "<group>"; };
		703AC0981FA2BCE700C9AD42 /* NSArray+Extension.m */ = {isa = PBXFileReference; fileEncoding = 4; lastKnownFileType = sourcecode.c.objc; path = "NSArray+Extension.m"; sourceTree = "<group>"; };
		703AC0991FA2BCE700C9AD42 /* NSDictionary+Extension.h */ = {isa = PBXFileReference; fileEncoding = 4; lastKnownFileType = sourcecode.c.h; path = "NSDictionary+Extension.h"; sourceTree = "<group>"; };
		703AC09A1FA2BCE700C9AD42 /* NSDictionary+Extension.m */ = {isa = PBXFileReference; fileEncoding = 4; lastKnownFileType = sourcecode.c.objc; path = "NSDictionary+Extension.m"; sourceTree = "<group>"; };
		703AC09B1FA2BCE700C9AD42 /* UIBarButtonItem+Extension.h */ = {isa = PBXFileReference; fileEncoding = 4; lastKnownFileType = sourcecode.c.h; path = "UIBarButtonItem+Extension.h"; sourceTree = "<group>"; };
		703AC09C1FA2BCE700C9AD42 /* UIBarButtonItem+Extension.m */ = {isa = PBXFileReference; fileEncoding = 4; lastKnownFileType = sourcecode.c.objc; path = "UIBarButtonItem+Extension.m"; sourceTree = "<group>"; };
		703AC09D1FA2BCE700C9AD42 /* UIControl+Extension.h */ = {isa = PBXFileReference; fileEncoding = 4; lastKnownFileType = sourcecode.c.h; path = "UIControl+Extension.h"; sourceTree = "<group>"; };
		703AC09E1FA2BCE700C9AD42 /* UIControl+Extension.m */ = {isa = PBXFileReference; fileEncoding = 4; lastKnownFileType = sourcecode.c.objc; path = "UIControl+Extension.m"; sourceTree = "<group>"; };
		703AC09F1FA2BCE700C9AD42 /* UIView+ZTExtension.h */ = {isa = PBXFileReference; fileEncoding = 4; lastKnownFileType = sourcecode.c.h; path = "UIView+ZTExtension.h"; sourceTree = "<group>"; };
		703AC0A01FA2BCE700C9AD42 /* UIView+ZTExtension.m */ = {isa = PBXFileReference; fileEncoding = 4; lastKnownFileType = sourcecode.c.objc; path = "UIView+ZTExtension.m"; sourceTree = "<group>"; };
		703AC0A11FA2BCE700C9AD42 /* UIViewController+Extension.h */ = {isa = PBXFileReference; fileEncoding = 4; lastKnownFileType = sourcecode.c.h; path = "UIViewController+Extension.h"; sourceTree = "<group>"; };
		703AC0A21FA2BCE700C9AD42 /* UIViewController+Extension.m */ = {isa = PBXFileReference; fileEncoding = 4; lastKnownFileType = sourcecode.c.objc; path = "UIViewController+Extension.m"; sourceTree = "<group>"; };
		703AC0AA1FA2C6C500C9AD42 /* ZTAnimationUtil.h */ = {isa = PBXFileReference; lastKnownFileType = sourcecode.c.h; path = ZTAnimationUtil.h; sourceTree = "<group>"; };
		703AC0AB1FA2C6C500C9AD42 /* ZTAnimationUtil.m */ = {isa = PBXFileReference; lastKnownFileType = sourcecode.c.objc; path = ZTAnimationUtil.m; sourceTree = "<group>"; };
		703AC0AD1FA2C6E400C9AD42 /* ZTAnimation.h */ = {isa = PBXFileReference; lastKnownFileType = sourcecode.c.h; path = ZTAnimation.h; sourceTree = "<group>"; };
		703AC0AE1FA2C6E400C9AD42 /* ZTAnimation.m */ = {isa = PBXFileReference; lastKnownFileType = sourcecode.c.objc; path = ZTAnimation.m; sourceTree = "<group>"; };
		703AC0B31FA2C71B00C9AD42 /* ZTAnimationHeader.h */ = {isa = PBXFileReference; lastKnownFileType = sourcecode.c.h; path = ZTAnimationHeader.h; sourceTree = "<group>"; };
		706984CB1FA8203000193388 /* NSObject+ZTSwzzling.h */ = {isa = PBXFileReference; lastKnownFileType = sourcecode.c.h; path = "NSObject+ZTSwzzling.h"; sourceTree = "<group>"; };
		706984CC1FA8203000193388 /* NSObject+ZTSwzzling.m */ = {isa = PBXFileReference; lastKnownFileType = sourcecode.c.objc; path = "NSObject+ZTSwzzling.m"; sourceTree = "<group>"; };
		706984CE1FA8228D00193388 /* UIViewController+ZTHook.h */ = {isa = PBXFileReference; lastKnownFileType = sourcecode.c.h; path = "UIViewController+ZTHook.h"; sourceTree = "<group>"; };
		706984CF1FA8228D00193388 /* UIViewController+ZTHook.m */ = {isa = PBXFileReference; lastKnownFileType = sourcecode.c.objc; path = "UIViewController+ZTHook.m"; sourceTree = "<group>"; };
		706984D11FA82AE300193388 /* ZTViewController.h */ = {isa = PBXFileReference; lastKnownFileType = sourcecode.c.h; path = ZTViewController.h; sourceTree = "<group>"; };
		706984D21FA82AE300193388 /* ZTViewController.m */ = {isa = PBXFileReference; lastKnownFileType = sourcecode.c.objc; path = ZTViewController.m; sourceTree = "<group>"; };
		70725A901FD4ED0200CF7117 /* ZTHUD.h */ = {isa = PBXFileReference; lastKnownFileType = sourcecode.c.h; path = ZTHUD.h; sourceTree = "<group>"; };
		70725A911FD4ED0200CF7117 /* ZTHUD.m */ = {isa = PBXFileReference; lastKnownFileType = sourcecode.c.objc; path = ZTHUD.m; sourceTree = "<group>"; };
		70725A931FD4F14400CF7117 /* ZTHUDContentView.h */ = {isa = PBXFileReference; lastKnownFileType = sourcecode.c.h; path = ZTHUDContentView.h; sourceTree = "<group>"; };
		70725A941FD4F14400CF7117 /* ZTHUDContentView.m */ = {isa = PBXFileReference; lastKnownFileType = sourcecode.c.objc; path = ZTHUDContentView.m; sourceTree = "<group>"; };
		70725A9A1FD50BC300CF7117 /* timg.gif */ = {isa = PBXFileReference; lastKnownFileType = image.gif; path = timg.gif; sourceTree = "<group>"; };
		707CFA3F1FE128CC0086E60B /* ZTExtension.bundle */ = {isa = PBXFileReference; lastKnownFileType = "wrapper.plug-in"; path = ZTExtension.bundle; sourceTree = "<group>"; };
		70B06FFB1FDAE5560083B87B /* NSString+Category.h */ = {isa = PBXFileReference; lastKnownFileType = sourcecode.c.h; path = "NSString+Category.h"; sourceTree = "<group>"; };
		70B06FFC1FDAE5560083B87B /* NSString+Category.m */ = {isa = PBXFileReference; lastKnownFileType = sourcecode.c.objc; path = "NSString+Category.m"; sourceTree = "<group>"; };
		70B06FFE1FDAE8220083B87B /* UIView+Radius.h */ = {isa = PBXFileReference; lastKnownFileType = sourcecode.c.h; path = "UIView+Radius.h"; sourceTree = "<group>"; };
		70B06FFF1FDAE8220083B87B /* UIView+Radius.m */ = {isa = PBXFileReference; lastKnownFileType = sourcecode.c.objc; path = "UIView+Radius.m"; sourceTree = "<group>"; };
		70B070011FDAEAAB0083B87B /* ZTUtil.h */ = {isa = PBXFileReference; lastKnownFileType = sourcecode.c.h; path = ZTUtil.h; sourceTree = "<group>"; };
		70B070021FDAEAAB0083B87B /* ZTUtil.m */ = {isa = PBXFileReference; lastKnownFileType = sourcecode.c.objc; path = ZTUtil.m; sourceTree = "<group>"; };
		70E04CAA1FBE93AB00EEB106 /* UIColor+ZTHex.h */ = {isa = PBXFileReference; lastKnownFileType = sourcecode.c.h; path = "UIColor+ZTHex.h"; sourceTree = "<group>"; };
		70E04CAB1FBE93AB00EEB106 /* UIColor+ZTHex.m */ = {isa = PBXFileReference; lastKnownFileType = sourcecode.c.objc; path = "UIColor+ZTHex.m"; sourceTree = "<group>"; };
		70E04CAE1FBEB68A00EEB106 /* NSString+ZTRegex.h */ = {isa = PBXFileReference; lastKnownFileType = sourcecode.c.h; path = "NSString+ZTRegex.h"; sourceTree = "<group>"; };
		70E04CAF1FBEB68A00EEB106 /* NSString+ZTRegex.m */ = {isa = PBXFileReference; lastKnownFileType = sourcecode.c.objc; path = "NSString+ZTRegex.m"; sourceTree = "<group>"; };
		70E04CB11FBEB6F800EEB106 /* NSString+ZTConvert.h */ = {isa = PBXFileReference; lastKnownFileType = sourcecode.c.h; path = "NSString+ZTConvert.h"; sourceTree = "<group>"; };
		70E04CB21FBEB6F800EEB106 /* NSString+ZTConvert.m */ = {isa = PBXFileReference; lastKnownFileType = sourcecode.c.objc; path = "NSString+ZTConvert.m"; sourceTree = "<group>"; };
		70E04CB41FBEB7B000EEB106 /* UIResponder+ZTRouter.h */ = {isa = PBXFileReference; lastKnownFileType = sourcecode.c.h; path = "UIResponder+ZTRouter.h"; sourceTree = "<group>"; };
		70E04CB51FBEB7B000EEB106 /* UIResponder+ZTRouter.m */ = {isa = PBXFileReference; lastKnownFileType = sourcecode.c.objc; path = "UIResponder+ZTRouter.m"; sourceTree = "<group>"; };
		70E04CB71FBEB80800EEB106 /* UITableView+ZTCategory.h */ = {isa = PBXFileReference; lastKnownFileType = sourcecode.c.h; path = "UITableView+ZTCategory.h"; sourceTree = "<group>"; };
		70E04CB81FBEB80800EEB106 /* UITableView+ZTCategory.m */ = {isa = PBXFileReference; lastKnownFileType = sourcecode.c.objc; path = "UITableView+ZTCategory.m"; sourceTree = "<group>"; };
		7FE5C9A6FEBA09A3DD010B7B /* libPods-ZTExtension.a */ = {isa = PBXFileReference; explicitFileType = archive.ar; includeInIndex = 0; path = "libPods-ZTExtension.a"; sourceTree = BUILT_PRODUCTS_DIR; };
		BF4946EAF3177F53F848A7AD /* Pods-ZTExtension.debug.xcconfig */ = {isa = PBXFileReference; includeInIndex = 1; lastKnownFileType = text.xcconfig; name = "Pods-ZTExtension.debug.xcconfig"; path = "Pods/Target Support Files/Pods-ZTExtension/Pods-ZTExtension.debug.xcconfig"; sourceTree = "<group>"; };
		CF347988B14E2C9558C15BA3 /* Pods-ZTExtension.release.xcconfig */ = {isa = PBXFileReference; includeInIndex = 1; lastKnownFileType = text.xcconfig; name = "Pods-ZTExtension.release.xcconfig"; path = "Pods/Target Support Files/Pods-ZTExtension/Pods-ZTExtension.release.xcconfig"; sourceTree = "<group>"; };
/* End PBXFileReference section */

/* Begin PBXFrameworksBuildPhase section */
		703AC0791FA2BCDB00C9AD42 /* Frameworks */ = {
			isa = PBXFrameworksBuildPhase;
			buildActionMask = 2147483647;
			files = (
				1616E0532EFB0EBB3E0AD022 /* libPods-ZTExtension.a in Frameworks */,
			);
			runOnlyForDeploymentPostprocessing = 0;
		};
/* End PBXFrameworksBuildPhase section */

/* Begin PBXGroup section */
		4D1D17DFDDF90AC1CBCC6857 /* Pods */ = {
			isa = PBXGroup;
			children = (
				BF4946EAF3177F53F848A7AD /* Pods-ZTExtension.debug.xcconfig */,
				CF347988B14E2C9558C15BA3 /* Pods-ZTExtension.release.xcconfig */,
			);
			name = Pods;
			sourceTree = "<group>";
		};
		6A32B92BDC31D136F22C474C /* Frameworks */ = {
			isa = PBXGroup;
			children = (
				7FE5C9A6FEBA09A3DD010B7B /* libPods-ZTExtension.a */,
			);
			name = Frameworks;
			sourceTree = "<group>";
		};
		702644AD20C0EBC9008F4CA6 /* Pictures */ = {
			isa = PBXGroup;
			children = (
				702644AE20C0EC2E008F4CA6 /* ZTImgScannerManager.h */,
				702644AF20C0EC2E008F4CA6 /* ZTImgScannerManager.m */,
				702644B220C0EC91008F4CA6 /* ImageHeader.h */,
				702644B320C0ECB5008F4CA6 /* ZTImageItem.h */,
				702644B420C0ECB5008F4CA6 /* ZTImageItem.m */,
				702644B620C0EEFD008F4CA6 /* ZTScannerItem.h */,
				702644B720C0EEFD008F4CA6 /* ZTScannerItem.m */,
				702644BE20C0F5B5008F4CA6 /* ZTCircleView.h */,
				702644BF20C0F5B5008F4CA6 /* ZTCircleView.m */,
				702644C120C110E9008F4CA6 /* ZTImageScannerView.h */,
				702644C220C110E9008F4CA6 /* ZTImageScannerView.m */,
			);
			path = Pictures;
			sourceTree = "<group>";
		};
		703AC0731FA2BCDB00C9AD42 = {
			isa = PBXGroup;
			children = (
				703AC07E1FA2BCDB00C9AD42 /* ZTExtension */,
				703AC07D1FA2BCDB00C9AD42 /* Products */,
				4D1D17DFDDF90AC1CBCC6857 /* Pods */,
				6A32B92BDC31D136F22C474C /* Frameworks */,
			);
			sourceTree = "<group>";
		};
		703AC07D1FA2BCDB00C9AD42 /* Products */ = {
			isa = PBXGroup;
			children = (
				703AC07C1FA2BCDB00C9AD42 /* ZTExtension.app */,
			);
			name = Products;
			sourceTree = "<group>";
		};
		703AC07E1FA2BCDB00C9AD42 /* ZTExtension */ = {
			isa = PBXGroup;
			children = (
				702644AD20C0EBC9008F4CA6 /* Pictures */,
				70B69A3920BFF3D7008AC8DC /* toast */,
				703AC0A91FA2C6A000C9AD42 /* AnimationUtil */,
				703AC0951FA2BCE700C9AD42 /* HZExtension */,
				703AC07F1FA2BCDB00C9AD42 /* AppDelegate.h */,
				703AC0801FA2BCDB00C9AD42 /* AppDelegate.m */,
				703AC0821FA2BCDB00C9AD42 /* ViewController.h */,
				703AC0831FA2BCDB00C9AD42 /* ViewController.m */,
				706984D11FA82AE300193388 /* ZTViewController.h */,
				70725A9A1FD50BC300CF7117 /* timg.gif */,
				706984D21FA82AE300193388 /* ZTViewController.m */,
				703AC0851FA2BCDB00C9AD42 /* Main.storyboard */,
				703AC0881FA2BCDB00C9AD42 /* Assets.xcassets */,
				703AC08A1FA2BCDB00C9AD42 /* LaunchScreen.storyboard */,
				703AC08D1FA2BCDB00C9AD42 /* Info.plist */,
				703AC08E1FA2BCDB00C9AD42 /* main.m */,
			);
			path = ZTExtension;
			sourceTree = "<group>";
		};
		703AC0951FA2BCE700C9AD42 /* HZExtension */ = {
			isa = PBXGroup;
			children = (
				701F1AEB1FF1D98900F707D4 /* WRCustomNavigationBar.h */,
				701F1AE91FF1D98800F707D4 /* WRCustomNavigationBar.m */,
				701F1AE81FF1D98800F707D4 /* WRNavigationBar.h */,
				701F1AEA1FF1D98900F707D4 /* WRNavigationBar.m */,
				703AC0961FA2BCE700C9AD42 /* HZExtensionHeader.h */,
				703AC0971FA2BCE700C9AD42 /* NSArray+Extension.h */,
				703AC0981FA2BCE700C9AD42 /* NSArray+Extension.m */,
				70E04CAA1FBE93AB00EEB106 /* UIColor+ZTHex.h */,
				70E04CAB1FBE93AB00EEB106 /* UIColor+ZTHex.m */,
				703AC0991FA2BCE700C9AD42 /* NSDictionary+Extension.h */,
				703AC09A1FA2BCE700C9AD42 /* NSDictionary+Extension.m */,
				703AC09B1FA2BCE700C9AD42 /* UIBarButtonItem+Extension.h */,
				703AC09C1FA2BCE700C9AD42 /* UIBarButtonItem+Extension.m */,
				703AC09D1FA2BCE700C9AD42 /* UIControl+Extension.h */,
				703AC09E1FA2BCE700C9AD42 /* UIControl+Extension.m */,
				703AC09F1FA2BCE700C9AD42 /* UIView+ZTExtension.h */,
				703AC0A01FA2BCE700C9AD42 /* UIView+ZTExtension.m */,
				703AC0A11FA2BCE700C9AD42 /* UIViewController+Extension.h */,
				703AC0A21FA2BCE700C9AD42 /* UIViewController+Extension.m */,
				706984CB1FA8203000193388 /* NSObject+ZTSwzzling.h */,
				706984CC1FA8203000193388 /* NSObject+ZTSwzzling.m */,
				706984CE1FA8228D00193388 /* UIViewController+ZTHook.h */,
				706984CF1FA8228D00193388 /* UIViewController+ZTHook.m */,
				70E04CAE1FBEB68A00EEB106 /* NSString+ZTRegex.h */,
				70E04CAF1FBEB68A00EEB106 /* NSString+ZTRegex.m */,
				70E04CB11FBEB6F800EEB106 /* NSString+ZTConvert.h */,
				70E04CB21FBEB6F800EEB106 /* NSString+ZTConvert.m */,
				70E04CB41FBEB7B000EEB106 /* UIResponder+ZTRouter.h */,
				70E04CB51FBEB7B000EEB106 /* UIResponder+ZTRouter.m */,
				70E04CB71FBEB80800EEB106 /* UITableView+ZTCategory.h */,
				70E04CB81FBEB80800EEB106 /* UITableView+ZTCategory.m */,
				700A59DB1FBEBE9800C6AA31 /* NSDate+ZTCategory.h */,
				700A59DC1FBEBE9800C6AA31 /* NSDate+ZTCategory.m */,
				700A59DE1FBEBEDB00C6AA31 /* NSDateFormatter+ZTCategory.h */,
				700A59DF1FBEBEDB00C6AA31 /* NSDateFormatter+ZTCategory.m */,
				70725A901FD4ED0200CF7117 /* ZTHUD.h */,
				70725A911FD4ED0200CF7117 /* ZTHUD.m */,
				70725A931FD4F14400CF7117 /* ZTHUDContentView.h */,
				70725A941FD4F14400CF7117 /* ZTHUDContentView.m */,
				70B06FFB1FDAE5560083B87B /* NSString+Category.h */,
				70B06FFC1FDAE5560083B87B /* NSString+Category.m */,
				70B06FFE1FDAE8220083B87B /* UIView+Radius.h */,
				70B06FFF1FDAE8220083B87B /* UIView+Radius.m */,
				70B070011FDAEAAB0083B87B /* ZTUtil.h */,
				70B070021FDAEAAB0083B87B /* ZTUtil.m */,
				707CFA3F1FE128CC0086E60B /* ZTExtension.bundle */,
			);
			path = HZExtension;
			sourceTree = "<group>";
		};
		703AC0A91FA2C6A000C9AD42 /* AnimationUtil */ = {
			isa = PBXGroup;
			children = (
				703AC0B31FA2C71B00C9AD42 /* ZTAnimationHeader.h */,
				703AC0AA1FA2C6C500C9AD42 /* ZTAnimationUtil.h */,
				703AC0AB1FA2C6C500C9AD42 /* ZTAnimationUtil.m */,
				703AC0AD1FA2C6E400C9AD42 /* ZTAnimation.h */,
				703AC0AE1FA2C6E400C9AD42 /* ZTAnimation.m */,
			);
			path = AnimationUtil;
			sourceTree = "<group>";
		};
		70B69A3920BFF3D7008AC8DC /* toast */ = {
			isa = PBXGroup;
			children = (
				7031CB9D20B7059F00C59561 /* ZTToast.h */,
				7031CB9720B6A99D00C59561 /* ZTToast.m */,
				7031CB9920B6ABA200C59561 /* ZTToastView.h */,
				7031CB9A20B6ABA200C59561 /* ZTToastView.m */,
				7031CB9C20B6FBFA00C59561 /* ZTToastHeader.h */,
				7031CB9E20B705C200C59561 /* ZTToastManager.h */,
				7031CB9F20B705C200C59561 /* ZTToastManager.m */,
			);
			path = toast;
			sourceTree = "<group>";
		};
/* End PBXGroup section */

/* Begin PBXNativeTarget section */
		703AC07B1FA2BCDB00C9AD42 /* ZTExtension */ = {
			isa = PBXNativeTarget;
			buildConfigurationList = 703AC0921FA2BCDB00C9AD42 /* Build configuration list for PBXNativeTarget "ZTExtension" */;
			buildPhases = (
				55521985FBFB075721D48D67 /* [CP] Check Pods Manifest.lock */,
				703AC0781FA2BCDB00C9AD42 /* Sources */,
				703AC0791FA2BCDB00C9AD42 /* Frameworks */,
				703AC07A1FA2BCDB00C9AD42 /* Resources */,
				57AE3D4F7C3AC68C7B06931F /* [CP] Embed Pods Frameworks */,
				4AC85CC00D1C73C3F940C19B /* [CP] Copy Pods Resources */,
			);
			buildRules = (
			);
			dependencies = (
			);
			name = ZTExtension;
			productName = ZTExtension;
			productReference = 703AC07C1FA2BCDB00C9AD42 /* ZTExtension.app */;
			productType = "com.apple.product-type.application";
		};
/* End PBXNativeTarget section */

/* Begin PBXProject section */
		703AC0741FA2BCDB00C9AD42 /* Project object */ = {
			isa = PBXProject;
			attributes = {
				CLASSPREFIX = ZT;
				LastUpgradeCheck = 0930;
				ORGANIZATIONNAME = huanglu;
				TargetAttributes = {
					703AC07B1FA2BCDB00C9AD42 = {
						CreatedOnToolsVersion = 9.0.1;
						ProvisioningStyle = Automatic;
					};
				};
			};
			buildConfigurationList = 703AC0771FA2BCDB00C9AD42 /* Build configuration list for PBXProject "ZTExtension" */;
			compatibilityVersion = "Xcode 8.0";
			developmentRegion = en;
			hasScannedForEncodings = 0;
			knownRegions = (
				en,
				Base,
			);
			mainGroup = 703AC0731FA2BCDB00C9AD42;
			productRefGroup = 703AC07D1FA2BCDB00C9AD42 /* Products */;
			projectDirPath = "";
			projectRoot = "";
			targets = (
				703AC07B1FA2BCDB00C9AD42 /* ZTExtension */,
			);
		};
/* End PBXProject section */

/* Begin PBXResourcesBuildPhase section */
		703AC07A1FA2BCDB00C9AD42 /* Resources */ = {
			isa = PBXResourcesBuildPhase;
			buildActionMask = 2147483647;
			files = (
				707CFA401FE128CC0086E60B /* ZTExtension.bundle in Resources */,
				703AC08C1FA2BCDB00C9AD42 /* LaunchScreen.storyboard in Resources */,
				70725A9B1FD50BC300CF7117 /* timg.gif in Resources */,
				703AC0891FA2BCDB00C9AD42 /* Assets.xcassets in Resources */,
				703AC0871FA2BCDB00C9AD42 /* Main.storyboard in Resources */,
			);
			runOnlyForDeploymentPostprocessing = 0;
		};
/* End PBXResourcesBuildPhase section */

/* Begin PBXShellScriptBuildPhase section */
		4AC85CC00D1C73C3F940C19B /* [CP] Copy Pods Resources */ = {
			isa = PBXShellScriptBuildPhase;
			buildActionMask = 2147483647;
			files = (
			);
			inputPaths = (
			);
			name = "[CP] Copy Pods Resources";
			outputPaths = (
			);
			runOnlyForDeploymentPostprocessing = 0;
			shellPath = /bin/sh;
			shellScript = "\"${SRCROOT}/Pods/Target Support Files/Pods-ZTExtension/Pods-ZTExtension-resources.sh\"\n";
			showEnvVarsInLog = 0;
		};
		55521985FBFB075721D48D67 /* [CP] Check Pods Manifest.lock */ = {
			isa = PBXShellScriptBuildPhase;
			buildActionMask = 2147483647;
			files = (
			);
			inputPaths = (
				"${PODS_PODFILE_DIR_PATH}/Podfile.lock",
				"${PODS_ROOT}/Manifest.lock",
			);
			name = "[CP] Check Pods Manifest.lock";
			outputPaths = (
				"$(DERIVED_FILE_DIR)/Pods-ZTExtension-checkManifestLockResult.txt",
			);
			runOnlyForDeploymentPostprocessing = 0;
			shellPath = /bin/sh;
			shellScript = "diff \"${PODS_PODFILE_DIR_PATH}/Podfile.lock\" \"${PODS_ROOT}/Manifest.lock\" > /dev/null\nif [ $? != 0 ] ; then\n    # print error to STDERR\n    echo \"error: The sandbox is not in sync with the Podfile.lock. Run 'pod install' or update your CocoaPods installation.\" >&2\n    exit 1\nfi\n# This output is used by Xcode 'outputs' to avoid re-running this script phase.\necho \"SUCCESS\" > \"${SCRIPT_OUTPUT_FILE_0}\"\n";
			showEnvVarsInLog = 0;
		};
		57AE3D4F7C3AC68C7B06931F /* [CP] Embed Pods Frameworks */ = {
			isa = PBXShellScriptBuildPhase;
			buildActionMask = 2147483647;
			files = (
			);
			inputPaths = (
			);
			name = "[CP] Embed Pods Frameworks";
			outputPaths = (
			);
			runOnlyForDeploymentPostprocessing = 0;
			shellPath = /bin/sh;
			shellScript = "\"${SRCROOT}/Pods/Target Support Files/Pods-ZTExtension/Pods-ZTExtension-frameworks.sh\"\n";
			showEnvVarsInLog = 0;
		};
/* End PBXShellScriptBuildPhase section */

/* Begin PBXSourcesBuildPhase section */
		703AC0781FA2BCDB00C9AD42 /* Sources */ = {
			isa = PBXSourcesBuildPhase;
			buildActionMask = 2147483647;
			files = (
				702644B020C0EC2E008F4CA6 /* ZTImgScannerManager.m in Sources */,
				703AC0A51FA2BCE700C9AD42 /* UIBarButtonItem+Extension.m in Sources */,
				703AC0A41FA2BCE700C9AD42 /* NSDictionary+Extension.m in Sources */,
				703AC0841FA2BCDB00C9AD42 /* ViewController.m in Sources */,
				70E04CB61FBEB7B000EEB106 /* UIResponder+ZTRouter.m in Sources */,
				702644C320C110E9008F4CA6 /* ZTImageScannerView.m in Sources */,
				702644B520C0ECB5008F4CA6 /* ZTImageItem.m in Sources */,
				702644B820C0EEFD008F4CA6 /* ZTScannerItem.m in Sources */,
				703AC0AF1FA2C6E400C9AD42 /* ZTAnimation.m in Sources */,
				703AC0A81FA2BCE700C9AD42 /* UIViewController+Extension.m in Sources */,
				703AC08F1FA2BCDB00C9AD42 /* main.m in Sources */,
				70B06FFD1FDAE5560083B87B /* NSString+Category.m in Sources */,
				70B070001FDAE8220083B87B /* UIView+Radius.m in Sources */,
				70E04CB31FBEB6F800EEB106 /* NSString+ZTConvert.m in Sources */,
				701F1AED1FF1D98900F707D4 /* WRNavigationBar.m in Sources */,
				70725A951FD4F14400CF7117 /* ZTHUDContentView.m in Sources */,
				70725A921FD4ED0200CF7117 /* ZTHUD.m in Sources */,
				70E04CB01FBEB68A00EEB106 /* NSString+ZTRegex.m in Sources */,
				7031CBA020B705C200C59561 /* ZTToastManager.m in Sources */,
				70E04CAC1FBE93AB00EEB106 /* UIColor+ZTHex.m in Sources */,
				702644C020C0F5B5008F4CA6 /* ZTCircleView.m in Sources */,
				700A59E01FBEBEDB00C6AA31 /* NSDateFormatter+ZTCategory.m in Sources */,
				706984D31FA82AE300193388 /* ZTViewController.m in Sources */,
				703AC0A61FA2BCE700C9AD42 /* UIControl+Extension.m in Sources */,
				701F1AEC1FF1D98900F707D4 /* WRCustomNavigationBar.m in Sources */,
				703AC0A31FA2BCE700C9AD42 /* NSArray+Extension.m in Sources */,
				703AC0A71FA2BCE700C9AD42 /* UIView+ZTExtension.m in Sources */,
				70E04CB91FBEB80800EEB106 /* UITableView+ZTCategory.m in Sources */,
				7031CB9B20B6ABA200C59561 /* ZTToastView.m in Sources */,
				706984CD1FA8203000193388 /* NSObject+ZTSwzzling.m in Sources */,
				70B070031FDAEAAB0083B87B /* ZTUtil.m in Sources */,
				703AC0AC1FA2C6C500C9AD42 /* ZTAnimationUtil.m in Sources */,
				700A59DD1FBEBE9800C6AA31 /* NSDate+ZTCategory.m in Sources */,
				706984D01FA8228D00193388 /* UIViewController+ZTHook.m in Sources */,
				703AC0811FA2BCDB00C9AD42 /* AppDelegate.m in Sources */,
				7031CB9820B6A99D00C59561 /* ZTToast.m in Sources */,
			);
			runOnlyForDeploymentPostprocessing = 0;
		};
/* End PBXSourcesBuildPhase section */

/* Begin PBXVariantGroup section */
		703AC0851FA2BCDB00C9AD42 /* Main.storyboard */ = {
			isa = PBXVariantGroup;
			children = (
				703AC0861FA2BCDB00C9AD42 /* Base */,
			);
			name = Main.storyboard;
			sourceTree = "<group>";
		};
		703AC08A1FA2BCDB00C9AD42 /* LaunchScreen.storyboard */ = {
			isa = PBXVariantGroup;
			children = (
				703AC08B1FA2BCDB00C9AD42 /* Base */,
			);
			name = LaunchScreen.storyboard;
			sourceTree = "<group>";
		};
/* End PBXVariantGroup section */

/* Begin XCBuildConfiguration section */
		703AC0901FA2BCDB00C9AD42 /* Debug */ = {
			isa = XCBuildConfiguration;
			buildSettings = {
				ALWAYS_SEARCH_USER_PATHS = NO;
				CLANG_ANALYZER_NONNULL = YES;
				CLANG_ANALYZER_NUMBER_OBJECT_CONVERSION = YES_AGGRESSIVE;
				CLANG_CXX_LANGUAGE_STANDARD = "gnu++14";
				CLANG_CXX_LIBRARY = "libc++";
				CLANG_ENABLE_MODULES = YES;
				CLANG_ENABLE_OBJC_ARC = YES;
				CLANG_WARN_BLOCK_CAPTURE_AUTORELEASING = YES;
				CLANG_WARN_BOOL_CONVERSION = YES;
				CLANG_WARN_COMMA = YES;
				CLANG_WARN_CONSTANT_CONVERSION = YES;
				CLANG_WARN_DEPRECATED_OBJC_IMPLEMENTATIONS = YES;
				CLANG_WARN_DIRECT_OBJC_ISA_USAGE = YES_ERROR;
				CLANG_WARN_DOCUMENTATION_COMMENTS = YES;
				CLANG_WARN_EMPTY_BODY = YES;
				CLANG_WARN_ENUM_CONVERSION = YES;
				CLANG_WARN_INFINITE_RECURSION = YES;
				CLANG_WARN_INT_CONVERSION = YES;
				CLANG_WARN_NON_LITERAL_NULL_CONVERSION = YES;
				CLANG_WARN_OBJC_IMPLICIT_RETAIN_SELF = YES;
				CLANG_WARN_OBJC_LITERAL_CONVERSION = YES;
				CLANG_WARN_OBJC_ROOT_CLASS = YES_ERROR;
				CLANG_WARN_RANGE_LOOP_ANALYSIS = YES;
				CLANG_WARN_STRICT_PROTOTYPES = YES;
				CLANG_WARN_SUSPICIOUS_MOVE = YES;
				CLANG_WARN_UNGUARDED_AVAILABILITY = YES_AGGRESSIVE;
				CLANG_WARN_UNREACHABLE_CODE = YES;
				CLANG_WARN__DUPLICATE_METHOD_MATCH = YES;
				CODE_SIGN_IDENTITY = "iPhone Developer";
				COPY_PHASE_STRIP = NO;
				DEBUG_INFORMATION_FORMAT = dwarf;
				ENABLE_STRICT_OBJC_MSGSEND = YES;
				ENABLE_TESTABILITY = YES;
				GCC_C_LANGUAGE_STANDARD = gnu11;
				GCC_DYNAMIC_NO_PIC = NO;
				GCC_NO_COMMON_BLOCKS = YES;
				GCC_OPTIMIZATION_LEVEL = 0;
				GCC_PREPROCESSOR_DEFINITIONS = (
					"DEBUG=1",
					"$(inherited)",
				);
				GCC_WARN_64_TO_32_BIT_CONVERSION = YES;
				GCC_WARN_ABOUT_RETURN_TYPE = YES_ERROR;
				GCC_WARN_UNDECLARED_SELECTOR = YES;
				GCC_WARN_UNINITIALIZED_AUTOS = YES_AGGRESSIVE;
				GCC_WARN_UNUSED_FUNCTION = YES;
				GCC_WARN_UNUSED_VARIABLE = YES;
				IPHONEOS_DEPLOYMENT_TARGET = 11.0;
				MTL_ENABLE_DEBUG_INFO = YES;
				ONLY_ACTIVE_ARCH = NO;
				SDKROOT = iphoneos;
			};
			name = Debug;
		};
		703AC0911FA2BCDB00C9AD42 /* Release */ = {
			isa = XCBuildConfiguration;
			buildSettings = {
				ALWAYS_SEARCH_USER_PATHS = NO;
				CLANG_ANALYZER_NONNULL = YES;
				CLANG_ANALYZER_NUMBER_OBJECT_CONVERSION = YES_AGGRESSIVE;
				CLANG_CXX_LANGUAGE_STANDARD = "gnu++14";
				CLANG_CXX_LIBRARY = "libc++";
				CLANG_ENABLE_MODULES = YES;
				CLANG_ENABLE_OBJC_ARC = YES;
				CLANG_WARN_BLOCK_CAPTURE_AUTORELEASING = YES;
				CLANG_WARN_BOOL_CONVERSION = YES;
				CLANG_WARN_COMMA = YES;
				CLANG_WARN_CONSTANT_CONVERSION = YES;
				CLANG_WARN_DEPRECATED_OBJC_IMPLEMENTATIONS = YES;
				CLANG_WARN_DIRECT_OBJC_ISA_USAGE = YES_ERROR;
				CLANG_WARN_DOCUMENTATION_COMMENTS = YES;
				CLANG_WARN_EMPTY_BODY = YES;
				CLANG_WARN_ENUM_CONVERSION = YES;
				CLANG_WARN_INFINITE_RECURSION = YES;
				CLANG_WARN_INT_CONVERSION = YES;
				CLANG_WARN_NON_LITERAL_NULL_CONVERSION = YES;
				CLANG_WARN_OBJC_IMPLICIT_RETAIN_SELF = YES;
				CLANG_WARN_OBJC_LITERAL_CONVERSION = YES;
				CLANG_WARN_OBJC_ROOT_CLASS = YES_ERROR;
				CLANG_WARN_RANGE_LOOP_ANALYSIS = YES;
				CLANG_WARN_STRICT_PROTOTYPES = YES;
				CLANG_WARN_SUSPICIOUS_MOVE = YES;
				CLANG_WARN_UNGUARDED_AVAILABILITY = YES_AGGRESSIVE;
				CLANG_WARN_UNREACHABLE_CODE = YES;
				CLANG_WARN__DUPLICATE_METHOD_MATCH = YES;
				CODE_SIGN_IDENTITY = "iPhone Developer";
				COPY_PHASE_STRIP = NO;
				DEBUG_INFORMATION_FORMAT = "dwarf-with-dsym";
				ENABLE_NS_ASSERTIONS = NO;
				ENABLE_STRICT_OBJC_MSGSEND = YES;
				GCC_C_LANGUAGE_STANDARD = gnu11;
				GCC_NO_COMMON_BLOCKS = YES;
				GCC_WARN_64_TO_32_BIT_CONVERSION = YES;
				GCC_WARN_ABOUT_RETURN_TYPE = YES_ERROR;
				GCC_WARN_UNDECLARED_SELECTOR = YES;
				GCC_WARN_UNINITIALIZED_AUTOS = YES_AGGRESSIVE;
				GCC_WARN_UNUSED_FUNCTION = YES;
				GCC_WARN_UNUSED_VARIABLE = YES;
				IPHONEOS_DEPLOYMENT_TARGET = 11.0;
				MTL_ENABLE_DEBUG_INFO = NO;
				ONLY_ACTIVE_ARCH = NO;
				SDKROOT = iphoneos;
				VALIDATE_PRODUCT = YES;
			};
			name = Release;
		};
		703AC0931FA2BCDB00C9AD42 /* Debug */ = {
			isa = XCBuildConfiguration;
			baseConfigurationReference = BF4946EAF3177F53F848A7AD /* Pods-ZTExtension.debug.xcconfig */;
			buildSettings = {
				ASSETCATALOG_COMPILER_APPICON_NAME = AppIcon;
				CODE_SIGN_STYLE = Automatic;
				DEVELOPMENT_TEAM = 2F85MS5QM7;
				INFOPLIST_FILE = ZTExtension/Info.plist;
				LD_RUNPATH_SEARCH_PATHS = "$(inherited) @executable_path/Frameworks";
				ONLY_ACTIVE_ARCH = NO;
				PRODUCT_BUNDLE_IDENTIFIER = "com.biz-uinitedT.SFA.ZTExtension";
				PRODUCT_NAME = "$(TARGET_NAME)";
				TARGETED_DEVICE_FAMILY = "1,2";
			};
			name = Debug;
		};
		703AC0941FA2BCDB00C9AD42 /* Release */ = {
			isa = XCBuildConfiguration;
			baseConfigurationReference = CF347988B14E2C9558C15BA3 /* Pods-ZTExtension.release.xcconfig */;
			buildSettings = {
				ASSETCATALOG_COMPILER_APPICON_NAME = AppIcon;
				CODE_SIGN_STYLE = Automatic;
				DEVELOPMENT_TEAM = 2F85MS5QM7;
				INFOPLIST_FILE = ZTExtension/Info.plist;
				LD_RUNPATH_SEARCH_PATHS = "$(inherited) @executable_path/Frameworks";
				ONLY_ACTIVE_ARCH = NO;
				PRODUCT_BUNDLE_IDENTIFIER = "com.biz-uinitedT.SFA.ZTExtension";
				PRODUCT_NAME = "$(TARGET_NAME)";
				TARGETED_DEVICE_FAMILY = "1,2";
			};
			name = Release;
		};
/* End XCBuildConfiguration section */

/* Begin XCConfigurationList section */
		703AC0771FA2BCDB00C9AD42 /* Build configuration list for PBXProject "ZTExtension" */ = {
			isa = XCConfigurationList;
			buildConfigurations = (
				703AC0901FA2BCDB00C9AD42 /* Debug */,
				703AC0911FA2BCDB00C9AD42 /* Release */,
			);
			defaultConfigurationIsVisible = 0;
			defaultConfigurationName = Release;
		};
		703AC0921FA2BCDB00C9AD42 /* Build configuration list for PBXNativeTarget "ZTExtension" */ = {
			isa = XCConfigurationList;
			buildConfigurations = (
				703AC0931FA2BCDB00C9AD42 /* Debug */,
				703AC0941FA2BCDB00C9AD42 /* Release */,
			);
			defaultConfigurationIsVisible = 0;
			defaultConfigurationName = Release;
		};
/* End XCConfigurationList section */
	};
	rootObject = 703AC0741FA2BCDB00C9AD42 /* Project object */;
}
